{
  "version": "2",
  "remote": {
    "https://cdn.jsdelivr.net/pyodide/v0.23.4/full/pyodide.asm.js": "8d2329a95b0ed8875957b053131133226ae5ebced8f031d7405d4d456e95e820",
    "https://cdn.jsdelivr.net/pyodide/v0.23.4/full/pyodide.js": "88aa4012fedc92b8e553f215e04a13a3d9fd2aed24af73352aa12aaabc5b2106",
    "https://esm.sh/pyodide@0.23.4/pyodide.js": "4cbfe48556d2724429ac978d52b4d287f3a196d6e195f97f05a8e27127896109",
    "https://esm.sh/pyodide@0.23.4/pyodide.js?v=1": "4cbfe48556d2724429ac978d52b4d287f3a196d6e195f97f05a8e27127896109",
    "https://esm.sh/v132/bufferutil@4.0.7/denonext/bufferutil.mjs": "b25ca474c1bd022655bcc0489055a5384e298963c3a046cb75cc83c7e5e2e225",
    "https://esm.sh/v132/node-gyp-build@4.6.1/denonext/node-gyp-build.mjs": "5899c174a6ae92bb5a99c3cc06e388bc5ba51af5309d65eac78ff7565d8d1a0b",
    "https://esm.sh/v132/node_fetch.js": "b11355358cf61343a3c30bd5942df60a3586d13e2c979b515164bfe851662798",
    "https://esm.sh/v132/pyodide@0.23.4/denonext/pyodide.js": "45deff9df0f4d0a85cce491177c9184312e6ea720d7f1813fa09f4c0c1726102",
    "https://esm.sh/v132/utf-8-validate@6.0.3/denonext/utf-8-validate.mjs": "dd2d212a3344d99eb810e76983ec83f0a5cfbdb99ae4a1e6eed91514ee335cb2",
    "https://esm.sh/v132/ws@8.14.0/denonext/ws.mjs": "70f2048c495c96d7ed94d46369370b7d4f7dd36e9bb33e34231c6a59ee469a1b"
  },
  "npm": {
    "specifiers": {
      "pyodide": "pyodide@0.23.4"
    },
    "packages": {
      "base-64@1.0.0": {
        "integrity": "sha512-kwDPIFCGx0NZHog36dj+tHiwP4QMzsZ3AgMViUBKI0+V5n4U0ufTCUMhnQ04diaRI8EX/QcPfql7zlhZ7j4zgg==",
        "dependencies": {}
      },
      "node-fetch@2.7.0": {
        "integrity": "sha512-c4FRfUm/dbcWZ7U+1Wq0AwCyFL+3nt2bEw05wfxSz+DWpWsitgmSgYmy2dQdWyKC1694ELPqMs/YzUSNozLt8A==",
        "dependencies": {
          "whatwg-url": "whatwg-url@5.0.0"
        }
      },
      "pyodide@0.23.4": {
        "integrity": "sha512-WpQUHaIXQ1xede5BMqPAjBcmopxN22s5hEsYOR8T7/UW/fkNLFUn07SaemUgthbtvedD5JGymMMj4VpD9sGMTg==",
        "dependencies": {
          "base-64": "base-64@1.0.0",
          "node-fetch": "node-fetch@2.7.0",
          "ws": "ws@8.14.1"
        }
      },
      "tr46@0.0.3": {
        "integrity": "sha512-N3WMsuqV66lT30CrXNbEjx4GEwlow3v6rr4mCcv6prnfwhS01rkgyFdjPNBYd9br7LpXV1+Emh01fHnq2Gdgrw==",
        "dependencies": {}
      },
      "webidl-conversions@3.0.1": {
        "integrity": "sha512-2JAn3z8AR6rjK8Sm8orRC0h/bcl/DqL7tRPdGZ4I1CjdF+EaMLmYxBHyXuKL849eucPFhvBoxMsflfOb8kxaeQ==",
        "dependencies": {}
      },
      "whatwg-url@5.0.0": {
        "integrity": "sha512-saE57nupxk6v3HY35+jzBwYa0rKSy0XR8JSxZPwgLr7ys0IBzhGviA1/TUGJLmSVqs8pb9AnvICXEuOHLprYTw==",
        "dependencies": {
          "tr46": "tr46@0.0.3",
          "webidl-conversions": "webidl-conversions@3.0.1"
        }
      },
      "ws@8.14.1": {
        "integrity": "sha512-4OOseMUq8AzRBI/7SLMUwO+FEDnguetSk7KMb1sHwvF2w2Wv5Hoj0nlifx8vtGsftE/jWHojPy8sMMzYLJ2G/A==",
        "dependencies": {}
      }
    }
  }
}
