{
  "version": "2",
  "remote": {
    "https://esm.sh/mssql@10.0.1": "34e99178ee7067d1cf6d2730f7b2414dd3178c3c804a340f5992086014c7daa8",
    "https://esm.sh/v132/@azure/abort-controller@1.1.0/denonext/abort-controller.mjs": "fa404d85cbfdf24bbcac6de2c2a7e03fa4b7b768d456f9bd3c03a40260779a37",
    "https://esm.sh/v132/@azure/core-client@1.7.3/denonext/core-client.mjs": "572e0146f5ff89bcc9677e0e13af9f031c33e94ebe33e69a676d780fda97e6c5",
    "https://esm.sh/v132/@azure/core-rest-pipeline@1.12.0/denonext/core-rest-pipeline.mjs": "de0c1adce8bee528ff8ebf638f6a8a2ca29e31abeaba50f9c42269fdc05706b3",
    "https://esm.sh/v132/@azure/core-rest-pipeline@1.12.1/denonext/core-rest-pipeline.mjs": "2e8af4761c6e5cadcb891fc0ee54cdf52be918e57076aad726d191ec368cdb1a",
    "https://esm.sh/v132/@azure/core-tracing@1.0.1/denonext/core-tracing.mjs": "267004774cf5751ab61b9a4a054e3a67d3f6f5af1dcf2917724d4b1e3ba54648",
    "https://esm.sh/v132/@azure/core-util@1.4.0/denonext/core-util.mjs": "d13f5744868fdfecb91b42be3aafd783fcc5ecba1533c88204ebb1d78e2228aa",
    "https://esm.sh/v132/@azure/identity@2.1.0/denonext/identity.mjs": "e565184e751bb051c64ac220b74ac4b64dfed9ddf2558877fa71806b5a1c3f20",
    "https://esm.sh/v132/@azure/logger@1.0.4/denonext/logger.mjs": "6e61b223ba71b8947d78da630d0d1c624d1c6d374b59f988bea79e1b675f58bb",
    "https://esm.sh/v132/@azure/msal-browser@2.38.2/denonext/msal-browser.mjs": "e91395a5d42783f92f3b9803d89059e43ce8bd1c8c5b675553ecd4b59c15b2f8",
    "https://esm.sh/v132/@azure/msal-common@13.3.0/denonext/msal-common.mjs": "40d74f55a2045cea0fe7dc5c09cfb7736f976ca146f255e3e367092b0f9915c8",
    "https://esm.sh/v132/@azure/msal-common@7.6.0/denonext/msal-common.mjs": "29b101cac3d5a11b8c5c0c7ff77a945a7f24cee17d30cc9b1e1981fca7f0bc2b",
    "https://esm.sh/v132/@js-joda/core@5.5.3/denonext/core.mjs": "3719e0f4b6b63f7eefd5f085a02fe14962839b87e830a46349d7891121e6447f",
    "https://esm.sh/v132/@tediousjs/connection-string@0.5.0/denonext/connection-string.mjs": "eb6adf06b71bd18ce02b1a5c96837152625e9616213143cbd64ab5eb6ff155bd",
    "https://esm.sh/v132/bl@6.0.7/denonext/bl.mjs": "e208079632a8e8e474d707e34078f6e1eb8e413c071096be56452d549029acf6",
    "https://esm.sh/v132/call-bind@1.0.2/denonext/callBound.js": "29d853893b2d2f5eb992dc9b1113bb78e425c2151a84884395a4800266fd96cc",
    "https://esm.sh/v132/debug@4.3.4/denonext/debug.mjs": "d2d7158f8de406c9ce8e9601650e16bcf4031f476bc212a750fa851b33f8adf7",
    "https://esm.sh/v132/define-data-property@1.1.0/denonext/define-data-property.mjs": "5121efe3ff3f74f68e3d472de17e79b1177a3212178626896b23b77c4c26a595",
    "https://esm.sh/v132/define-properties@1.2.1/denonext/define-properties.mjs": "7eefd340bf8f2903c8801ba99de137228d9cb94fe145545b5d436a2ff0bb5507",
    "https://esm.sh/v132/es-abstract@1.22.1/denonext/2022/AdvanceStringIndex.js": "3448fc2f99eaaa9680e8483932be5a7cafd25f64093750ffbb4aaf261e39b8a2",
    "https://esm.sh/v132/es-abstract@1.22.1/denonext/2022/CreateDataPropertyOrThrow.js": "137b4c176f3c1403af04426173caaee2232aec84659c611b1413cba6576b67d4",
    "https://esm.sh/v132/es-abstract@1.22.1/denonext/2022/CreateMethodProperty.js": "eb6806efdbfab9e0c9c56670de436c2a7ef91aac917bd40ecd4a3fd5d9af0999",
    "https://esm.sh/v132/es-abstract@1.22.1/denonext/2022/GetMethod.js": "bb7e471156129acb93dd6aade939b26634e189c664121bb879dc74c44247ee80",
    "https://esm.sh/v132/es-abstract@1.22.1/denonext/2022/IsArray.js": "c76e06ec8384e0f982b5e2075c1317b8e2d559d7ce213ad31a099a27268d7047",
    "https://esm.sh/v132/es-abstract@1.22.1/denonext/2022/IterableToList.js": "879652d852573d45f9398b907d508a2a095c514249241ccb5aca77e3f60e1542",
    "https://esm.sh/v132/es-abstract@1.22.1/denonext/2022/OrdinarySetPrototypeOf.js": "2da24a0da1eb8d1dde54a1a3aa6b80b07be66d187df77d65ac48c6b979589925",
    "https://esm.sh/v132/es-abstract@1.22.1/denonext/2022/Type.js": "aff0ee7cfe534554d65a9f3ba0f912043e553e6f096d5ac3d2a7e7ecb558009a",
    "https://esm.sh/v132/es-abstract@1.22.1/denonext/helpers/getIteratorMethod.js": "d6201703f95089b3a7aa3ccf0106d46a04fd49d7bfb4cf7abc8f97d6bb2ae2bd",
    "https://esm.sh/v132/es-aggregate-error@1.0.9/denonext/es-aggregate-error.mjs": "8bb8e488de4562cd196f30ca2035a3eca2bfe45ef65758ccc4763a3abf17f1cd",
    "https://esm.sh/v132/function-bind@1.1.1/denonext/function-bind.mjs": "331f5d2a5830a67a767be946331716b1b9db05125891100a16e24114dba8ef87",
    "https://esm.sh/v132/functions-have-names@1.2.3/denonext/functions-have-names.mjs": "c35b1012e1b731a55763a9da124a4be8c64a66e11cfb6837ccd17f8dace84de2",
    "https://esm.sh/v132/get-intrinsic@1.2.1/denonext/get-intrinsic.mjs": "522438bf31ecb4e4f8d2c445495f9189732e63f1e9dc02978b143d45ba171562",
    "https://esm.sh/v132/globalthis@1.0.3/denonext/globalthis.mjs": "05b22ece37d66740e1f50e845fce81090505bf061b5f7b2724c28398477201bf",
    "https://esm.sh/v132/gopd@1.0.1/denonext/gopd.mjs": "44714eaa6857230bd1d2f2a64304f89751e5f0d504abb25d2c97e3f25a8b7f2c",
    "https://esm.sh/v132/has-property-descriptors@1.0.0/denonext/has-property-descriptors.mjs": "5de286ea52cd923846d4c2c5d68dad9eb0f5b1bce961729f11292b8549eae166",
    "https://esm.sh/v132/has-proto@1.0.1/denonext/has-proto.mjs": "443f9773e464b39534dbecaee040e5de8384e8efaeea7a6d3e333df4069d1f85",
    "https://esm.sh/v132/has-symbols@1.0.3/denonext/has-symbols.mjs": "452727b5dbec94d538c5e8e062ed82bee701c3b752eb21e6189978e92292b7c6",
    "https://esm.sh/v132/has-symbols@1.0.3/denonext/shams.js": "c2cefbc68690dfe7e9590c7720b1ff22d5b09251e936019d27e1b8d319c8fa9d",
    "https://esm.sh/v132/has-tostringtag@1.0.0/denonext/shams.js": "2f79692fa1b499bb51acd0604e28483f11f16edd7edbe843cbe5705a2f63f76c",
    "https://esm.sh/v132/has@1.0.3/denonext/has.mjs": "7b0e1198122130f44fffbc6603e437af97f1d558ee07f23c631aed07a7a60e30",
    "https://esm.sh/v132/iconv-lite@0.6.3/denonext/iconv-lite.mjs": "deea3d3f44839067ee3d43343ad6d91eccdbfd7ff21123f06746e4060507bf49",
    "https://esm.sh/v132/inherits@2.0.4/denonext/inherits.mjs": "8095f3d6aea060c904fb24ae50f2882779c0acbe5d56814514c8b5153f3b4b3b",
    "https://esm.sh/v132/is-callable@1.2.7/denonext/is-callable.mjs": "9b6b49e6f508c13fefa17d1f932f10d9d76cd218cf2be3d49e91571150c59267",
    "https://esm.sh/v132/is-string@1.0.7/denonext/is-string.mjs": "8758047c536780b697f66166b86fade0a3ee6132a046e911f9b823f35afda446",
    "https://esm.sh/v132/js-md4@0.3.2/denonext/js-md4.mjs": "57fdc06f8618ad157cc60f1ecab655d2461e00b4f065452871ecd737b67a8d58",
    "https://esm.sh/v132/ms@2.1.2/denonext/ms.mjs": "aa4dc45ba72554c5011168f8910cc646c37af53cfff1a15a4decced838b8eb14",
    "https://esm.sh/v132/mssql@10.0.1/denonext/mssql.mjs": "6518ea1435a965a7dab11fd2680d9b87f25deeb03162a2d4a187ec02dd5644b4",
    "https://esm.sh/v132/native-duplexpair@1.0.0/denonext/native-duplexpair.mjs": "619329e311e8ee4dcfe265d17ccc76f971b8a6601b9257458eb4a09a3c799786",
    "https://esm.sh/v132/node-abort-controller@3.1.1/denonext/node-abort-controller.mjs": "1754616b04acb9283e353d8c3367f6256f77960ba09ebd7eb77849bca9d227ef",
    "https://esm.sh/v132/object-inspect@1.12.3/denonext/object-inspect.mjs": "6cc9da4b2d1ebcc6008ba2fcc809430229062318eb0aff45eddc44ade994f7ed",
    "https://esm.sh/v132/object-keys@1.1.1/denonext/object-keys.mjs": "9b1c41ea017ff80bc11f70885530199fbca620a7ac9b5b2bef20c8fb9829a4de",
    "https://esm.sh/v132/readable-stream@4.4.2/denonext/readable-stream.mjs": "e80f283d629875bbe3ba783d48bf2850acaf8ab8eb40dcb85078bea3b62002a1",
    "https://esm.sh/v132/rfdc@1.3.0/denonext/default.js": "14b787ae4011ae4dfd0507974a9b6c11741367a1c31de2fcb3e13c92d8c4f91c",
    "https://esm.sh/v132/safer-buffer@2.1.2/denonext/safer-buffer.mjs": "ce0e787812c668ba082ad5b75958490c714b6e05836bd5b6013d9f75727c006f",
    "https://esm.sh/v132/sprintf-js@1.1.3/denonext/sprintf-js.mjs": "d5f9bebe138f07d09f5047cffe45f0b1d741e46845b951cff3ca76a88dc3b80d",
    "https://esm.sh/v132/tarn@3.0.2/denonext/tarn.mjs": "d17d8099cbe0e466bfd9350db4c8ba035165d6428704a50bdb83c94de7e5eff7",
    "https://esm.sh/v132/tedious@16.4.0/denonext/tedious.mjs": "e5cd264582434b7b96f362037979683c6964ad6a647b98e4a31cef8656abf273",
    "https://esm.sh/v132/uuid@8.3.2/denonext/uuid.mjs": "2cea289bbecc01fab6f701b719513f6ac8a3c21a5e52aa3f8682cf61d70a5dc5"
  },
  "npm": {
    "specifiers": {
      "mssql": "mssql@9.1.3"
    },
    "packages": {
      "@azure/abort-controller@1.1.0": {
        "integrity": "sha512-TrRLIoSQVzfAJX9H1JeFjzAoDGcoK1IYX1UImfceTZpsyYfWr09Ss1aHW1y5TrrR3iq6RZLBwJ3E24uwPhwahw==",
        "dependencies": {
          "tslib": "tslib@2.6.2"
        }
      },
      "@azure/core-auth@1.5.0": {
        "integrity": "sha512-udzoBuYG1VBoHVohDTrvKjyzel34zt77Bhp7dQntVGGD0ehVq48owENbBG8fIgkHRNUBQH5k1r0hpoMu5L8+kw==",
        "dependencies": {
          "@azure/abort-controller": "@azure/abort-controller@1.1.0",
          "@azure/core-util": "@azure/core-util@1.5.0",
          "tslib": "tslib@2.6.2"
        }
      },
      "@azure/core-client@1.7.3": {
        "integrity": "sha512-kleJ1iUTxcO32Y06dH9Pfi9K4U+Tlb111WXEnbt7R/ne+NLRwppZiTGJuTD5VVoxTMK5NTbEtm5t2vcdNCFe2g==",
        "dependencies": {
          "@azure/abort-controller": "@azure/abort-controller@1.1.0",
          "@azure/core-auth": "@azure/core-auth@1.5.0",
          "@azure/core-rest-pipeline": "@azure/core-rest-pipeline@1.12.1",
          "@azure/core-tracing": "@azure/core-tracing@1.0.1",
          "@azure/core-util": "@azure/core-util@1.5.0",
          "@azure/logger": "@azure/logger@1.0.4",
          "tslib": "tslib@2.6.2"
        }
      },
      "@azure/core-http-compat@1.3.0": {
        "integrity": "sha512-ZN9avruqbQ5TxopzG3ih3KRy52n8OAbitX3fnZT5go4hzu0J+KVPSzkL+Wt3hpJpdG8WIfg1sBD1tWkgUdEpBA==",
        "dependencies": {
          "@azure/abort-controller": "@azure/abort-controller@1.1.0",
          "@azure/core-client": "@azure/core-client@1.7.3",
          "@azure/core-rest-pipeline": "@azure/core-rest-pipeline@1.12.1"
        }
      },
      "@azure/core-lro@2.5.4": {
        "integrity": "sha512-3GJiMVH7/10bulzOKGrrLeG/uCBH/9VtxqaMcB9lIqAeamI/xYQSHJL/KcsLDuH+yTjYpro/u6D/MuRe4dN70Q==",
        "dependencies": {
          "@azure/abort-controller": "@azure/abort-controller@1.1.0",
          "@azure/core-util": "@azure/core-util@1.5.0",
          "@azure/logger": "@azure/logger@1.0.4",
          "tslib": "tslib@2.6.2"
        }
      },
      "@azure/core-paging@1.5.0": {
        "integrity": "sha512-zqWdVIt+2Z+3wqxEOGzR5hXFZ8MGKK52x4vFLw8n58pR6ZfKRx3EXYTxTaYxYHc/PexPUTyimcTWFJbji9Z6Iw==",
        "dependencies": {
          "tslib": "tslib@2.6.2"
        }
      },
      "@azure/core-rest-pipeline@1.12.1": {
        "integrity": "sha512-SsyWQ+T5MFQRX+M8H/66AlaI6HyCbQStGfFngx2fuiW+vKI2DkhtOvbYodPyf9fOe/ARLWWc3ohX54lQ5Kmaog==",
        "dependencies": {
          "@azure/abort-controller": "@azure/abort-controller@1.1.0",
          "@azure/core-auth": "@azure/core-auth@1.5.0",
          "@azure/core-tracing": "@azure/core-tracing@1.0.1",
          "@azure/core-util": "@azure/core-util@1.5.0",
          "@azure/logger": "@azure/logger@1.0.4",
          "form-data": "form-data@4.0.0",
          "http-proxy-agent": "http-proxy-agent@5.0.0",
          "https-proxy-agent": "https-proxy-agent@5.0.1",
          "tslib": "tslib@2.6.2"
        }
      },
      "@azure/core-tracing@1.0.1": {
        "integrity": "sha512-I5CGMoLtX+pI17ZdiFJZgxMJApsK6jjfm85hpgp3oazCdq5Wxgh4wMr7ge/TTWW1B5WBuvIOI1fMU/FrOAMKrw==",
        "dependencies": {
          "tslib": "tslib@2.6.2"
        }
      },
      "@azure/core-util@1.5.0": {
        "integrity": "sha512-GZBpVFDtQ/15hW1OgBcRdT4Bl7AEpcEZqLfbAvOtm1CQUncKWiYapFHVD588hmlV27NbOOtSm3cnLF3lvoHi4g==",
        "dependencies": {
          "@azure/abort-controller": "@azure/abort-controller@1.1.0",
          "tslib": "tslib@2.6.2"
        }
      },
      "@azure/identity@2.1.0": {
        "integrity": "sha512-BPDz1sK7Ul9t0l9YKLEa8PHqWU4iCfhGJ+ELJl6c8CP3TpJt2urNCbm0ZHsthmxRsYoMPbz2Dvzj30zXZVmAFw==",
        "dependencies": {
          "@azure/abort-controller": "@azure/abort-controller@1.1.0",
          "@azure/core-auth": "@azure/core-auth@1.5.0",
          "@azure/core-client": "@azure/core-client@1.7.3",
          "@azure/core-rest-pipeline": "@azure/core-rest-pipeline@1.12.1",
          "@azure/core-tracing": "@azure/core-tracing@1.0.1",
          "@azure/core-util": "@azure/core-util@1.5.0",
          "@azure/logger": "@azure/logger@1.0.4",
          "@azure/msal-browser": "@azure/msal-browser@2.38.2",
          "@azure/msal-common": "@azure/msal-common@7.6.0",
          "@azure/msal-node": "@azure/msal-node@1.18.3",
          "events": "events@3.3.0",
          "jws": "jws@4.0.0",
          "open": "open@8.4.2",
          "stoppable": "stoppable@1.1.0",
          "tslib": "tslib@2.6.2",
          "uuid": "uuid@8.3.2"
        }
      },
      "@azure/keyvault-keys@4.7.2": {
        "integrity": "sha512-VdIH6PjbQ3J5ntK+xeI8eOe1WsDxF9ndXw8BPR/9MZVnIj0vQNtNCS6gpR7EFQeGcs8XjzMfHm0AvKGErobqJQ==",
        "dependencies": {
          "@azure/abort-controller": "@azure/abort-controller@1.1.0",
          "@azure/core-auth": "@azure/core-auth@1.5.0",
          "@azure/core-client": "@azure/core-client@1.7.3",
          "@azure/core-http-compat": "@azure/core-http-compat@1.3.0",
          "@azure/core-lro": "@azure/core-lro@2.5.4",
          "@azure/core-paging": "@azure/core-paging@1.5.0",
          "@azure/core-rest-pipeline": "@azure/core-rest-pipeline@1.12.1",
          "@azure/core-tracing": "@azure/core-tracing@1.0.1",
          "@azure/core-util": "@azure/core-util@1.5.0",
          "@azure/logger": "@azure/logger@1.0.4",
          "tslib": "tslib@2.6.2"
        }
      },
      "@azure/logger@1.0.4": {
        "integrity": "sha512-ustrPY8MryhloQj7OWGe+HrYx+aoiOxzbXTtgblbV3xwCqpzUK36phH3XNHQKj3EPonyFUuDTfR3qFhTEAuZEg==",
        "dependencies": {
          "tslib": "tslib@2.6.2"
        }
      },
      "@azure/msal-browser@2.38.2": {
        "integrity": "sha512-71BeIn2we6LIgMplwCSaMq5zAwmalyJR3jFcVOZxNVfQ1saBRwOD+P77nLs5vrRCedVKTq8RMFhIOdpMLNno0A==",
        "dependencies": {
          "@azure/msal-common": "@azure/msal-common@13.3.0"
        }
      },
      "@azure/msal-common@13.3.0": {
        "integrity": "sha512-/VFWTicjcJbrGp3yQP7A24xU95NiDMe23vxIU1U6qdRPFsprMDNUohMudclnd+WSHE4/McqkZs/nUU3sAKkVjg==",
        "dependencies": {}
      },
      "@azure/msal-common@7.6.0": {
        "integrity": "sha512-XqfbglUTVLdkHQ8F9UQJtKseRr3sSnr9ysboxtoswvaMVaEfvyLtMoHv9XdKUfOc0qKGzNgRFd9yRjIWVepl6Q==",
        "dependencies": {}
      },
      "@azure/msal-node@1.18.3": {
        "integrity": "sha512-lI1OsxNbS/gxRD4548Wyj22Dk8kS7eGMwD9GlBZvQmFV8FJUXoXySL1BiNzDsHUE96/DS/DHmA+F73p1Dkcktg==",
        "dependencies": {
          "@azure/msal-common": "@azure/msal-common@13.3.0",
          "jsonwebtoken": "jsonwebtoken@9.0.2",
          "uuid": "uuid@8.3.2"
        }
      },
      "@js-joda/core@5.5.3": {
        "integrity": "sha512-7dqNYwG8gCt4hfg5PKgM7xLEcgSBcx/UgC92OMnhMmvAnq11QzDFPrxUkNR/u5kn17WWLZ8beZ4A3Qrz4pZcmQ==",
        "dependencies": {}
      },
      "@tediousjs/connection-string@0.4.4": {
        "integrity": "sha512-Qssn7gmOILmqD0zkfA09YyFd52UajWYkLTTSi4Dx/XZaUuVcx4W4guv2rAVc5mm8wYRdonmG/HfFH3PS6izXAg==",
        "dependencies": {}
      },
      "@tootallnate/once@2.0.0": {
        "integrity": "sha512-XCuKFP5PS55gnMVu3dty8KPatLqUoy/ZYzDzAGCQ8JNFCkLXzmI7vNHCR+XpbZaMWQK/vQubr7PkYq8g470J/A==",
        "dependencies": {}
      },
      "agent-base@6.0.2": {
        "integrity": "sha512-RZNwNclF7+MS/8bDg70amg32dyeZGZxiDuQmZxKLAlQjr3jGyLx+4Kkk58UO7D2QdgFIQCovuSuZESne6RG6XQ==",
        "dependencies": {
          "debug": "debug@4.3.4"
        }
      },
      "array-buffer-byte-length@1.0.0": {
        "integrity": "sha512-LPuwb2P+NrQw3XhxGc36+XSvuBPopovXYTR9Ew++Du9Yb/bx5AzBfrIsBoj0EZUifjQU+sHL21sseZ3jerWO/A==",
        "dependencies": {
          "call-bind": "call-bind@1.0.2",
          "is-array-buffer": "is-array-buffer@3.0.2"
        }
      },
      "arraybuffer.prototype.slice@1.0.2": {
        "integrity": "sha512-yMBKppFur/fbHu9/6USUe03bZ4knMYiwFBcyiaXB8Go0qNehwX6inYPzK9U0NeQvGxKthcmHcaR8P5MStSRBAw==",
        "dependencies": {
          "array-buffer-byte-length": "array-buffer-byte-length@1.0.0",
          "call-bind": "call-bind@1.0.2",
          "define-properties": "define-properties@1.2.1",
          "es-abstract": "es-abstract@1.22.2",
          "get-intrinsic": "get-intrinsic@1.2.1",
          "is-array-buffer": "is-array-buffer@3.0.2",
          "is-shared-array-buffer": "is-shared-array-buffer@1.0.2"
        }
      },
      "asynckit@0.4.0": {
        "integrity": "sha512-Oei9OH4tRh0YqU3GxhX79dM/mwVgvbZJaSNaRk+bshkj0S5cfHcgYakreBjrHwatXKbz+IoIdYLxrKim2MjW0Q==",
        "dependencies": {}
      },
      "available-typed-arrays@1.0.5": {
        "integrity": "sha512-DMD0KiN46eipeziST1LPP/STfDU0sufISXmjSgvVsoU2tqxctQeASejWcfNtxYKqETM1UxQ8sp2OrSBWpHY6sw==",
        "dependencies": {}
      },
      "base64-js@1.5.1": {
        "integrity": "sha512-AKpaYlHn8t4SVbOHCy+b5+KKgvR4vrsD8vbvrbiQJps7fKDTkjkDry6ji0rUJjC0kzbNePLwzxq8iypo41qeWA==",
        "dependencies": {}
      },
      "bl@5.1.0": {
        "integrity": "sha512-tv1ZJHLfTDnXE6tMHv73YgSJaWR2AFuPwMntBe7XL/GBFHnT0CLnsHMogfk5+GzCDC5ZWarSCYaIGATZt9dNsQ==",
        "dependencies": {
          "buffer": "buffer@6.0.3",
          "inherits": "inherits@2.0.4",
          "readable-stream": "readable-stream@3.6.2"
        }
      },
      "buffer-equal-constant-time@1.0.1": {
        "integrity": "sha512-zRpUiDwd/xk6ADqPMATG8vc9VPrkck7T07OIx0gnjmJAnHnTVXNQG3vfvWNuiZIkwu9KrKdA1iJKfsfTVxE6NA==",
        "dependencies": {}
      },
      "buffer@6.0.3": {
        "integrity": "sha512-FTiCpNxtwiZZHEZbcbTIcZjERVICn9yq/pDFkTl95/AxzD1naBctN7YO68riM/gLSDY7sdrMby8hofADYuuqOA==",
        "dependencies": {
          "base64-js": "base64-js@1.5.1",
          "ieee754": "ieee754@1.2.1"
        }
      },
      "call-bind@1.0.2": {
        "integrity": "sha512-7O+FbCihrB5WGbFYesctwmTKae6rOiIzmz1icreWJ+0aA7LJfuqhEso2T9ncpcFtzMQtzXf2QGGueWJGTYsqrA==",
        "dependencies": {
          "function-bind": "function-bind@1.1.1",
          "get-intrinsic": "get-intrinsic@1.2.1"
        }
      },
      "combined-stream@1.0.8": {
        "integrity": "sha512-FQN4MRfuJeHf7cBbBMJFXhKSDq+2kAArBlmRBvcvFE5BB1HZKXtSFASDhdlz9zOYwxh8lDdnvmMOe/+5cdoEdg==",
        "dependencies": {
          "delayed-stream": "delayed-stream@1.0.0"
        }
      },
      "commander@11.0.0": {
        "integrity": "sha512-9HMlXtt/BNoYr8ooyjjNRdIilOTkVJXB+GhxMTtOKwk0R4j4lS4NpjuqmRxroBfnfTSHQIHQB7wryHhXarNjmQ==",
        "dependencies": {}
      },
      "debug@4.3.4": {
        "integrity": "sha512-PRWFHuSU3eDtQJPvnNY7Jcket1j0t5OuOsFzPPzsekD52Zl8qUfFIPEiswXqIvHWGVHOgX+7G/vCNNhehwxfkQ==",
        "dependencies": {
          "ms": "ms@2.1.2"
        }
      },
      "define-data-property@1.1.0": {
        "integrity": "sha512-UzGwzcjyv3OtAvolTj1GoyNYzfFR+iqbGjcnBEENZVCpM4/Ng1yhGNvS3lR/xDS74Tb2wGG9WzNSNIOS9UVb2g==",
        "dependencies": {
          "get-intrinsic": "get-intrinsic@1.2.1",
          "gopd": "gopd@1.0.1",
          "has-property-descriptors": "has-property-descriptors@1.0.0"
        }
      },
      "define-lazy-prop@2.0.0": {
        "integrity": "sha512-Ds09qNh8yw3khSjiJjiUInaGX9xlqZDY7JVryGxdxV7NPeuqQfplOpQ66yJFZut3jLa5zOwkXw1g9EI2uKh4Og==",
        "dependencies": {}
      },
      "define-properties@1.2.1": {
        "integrity": "sha512-8QmQKqEASLd5nx0U1B1okLElbUuuttJ/AnYmRXbbbGDWh6uS208EjD4Xqq/I9wK7u0v6O08XhTWnt5XtEbR6Dg==",
        "dependencies": {
          "define-data-property": "define-data-property@1.1.0",
          "has-property-descriptors": "has-property-descriptors@1.0.0",
          "object-keys": "object-keys@1.1.1"
        }
      },
      "delayed-stream@1.0.0": {
        "integrity": "sha512-ZySD7Nf91aLB0RxL4KGrKHBXl7Eds1DAmEdcoVawXnLD7SDhpNgtuII2aAkg7a7QS41jxPSZ17p4VdGnMHk3MQ==",
        "dependencies": {}
      },
      "ecdsa-sig-formatter@1.0.11": {
        "integrity": "sha512-nagl3RYrbNv6kQkeJIpt6NJZy8twLB/2vtz6yN9Z4vRKHN4/QZJIEbqohALSgwKdnksuY3k5Addp5lg8sVoVcQ==",
        "dependencies": {
          "safe-buffer": "safe-buffer@5.2.1"
        }
      },
      "es-abstract@1.22.2": {
        "integrity": "sha512-YoxfFcDmhjOgWPWsV13+2RNjq1F6UQnfs+8TftwNqtzlmFzEXvlUwdrNrYeaizfjQzRMxkZ6ElWMOJIFKdVqwA==",
        "dependencies": {
          "array-buffer-byte-length": "array-buffer-byte-length@1.0.0",
          "arraybuffer.prototype.slice": "arraybuffer.prototype.slice@1.0.2",
          "available-typed-arrays": "available-typed-arrays@1.0.5",
          "call-bind": "call-bind@1.0.2",
          "es-set-tostringtag": "es-set-tostringtag@2.0.1",
          "es-to-primitive": "es-to-primitive@1.2.1",
          "function.prototype.name": "function.prototype.name@1.1.6",
          "get-intrinsic": "get-intrinsic@1.2.1",
          "get-symbol-description": "get-symbol-description@1.0.0",
          "globalthis": "globalthis@1.0.3",
          "gopd": "gopd@1.0.1",
          "has": "has@1.0.3",
          "has-property-descriptors": "has-property-descriptors@1.0.0",
          "has-proto": "has-proto@1.0.1",
          "has-symbols": "has-symbols@1.0.3",
          "internal-slot": "internal-slot@1.0.5",
          "is-array-buffer": "is-array-buffer@3.0.2",
          "is-callable": "is-callable@1.2.7",
          "is-negative-zero": "is-negative-zero@2.0.2",
          "is-regex": "is-regex@1.1.4",
          "is-shared-array-buffer": "is-shared-array-buffer@1.0.2",
          "is-string": "is-string@1.0.7",
          "is-typed-array": "is-typed-array@1.1.12",
          "is-weakref": "is-weakref@1.0.2",
          "object-inspect": "object-inspect@1.12.3",
          "object-keys": "object-keys@1.1.1",
          "object.assign": "object.assign@4.1.4",
          "regexp.prototype.flags": "regexp.prototype.flags@1.5.1",
          "safe-array-concat": "safe-array-concat@1.0.1",
          "safe-regex-test": "safe-regex-test@1.0.0",
          "string.prototype.trim": "string.prototype.trim@1.2.8",
          "string.prototype.trimend": "string.prototype.trimend@1.0.7",
          "string.prototype.trimstart": "string.prototype.trimstart@1.0.7",
          "typed-array-buffer": "typed-array-buffer@1.0.0",
          "typed-array-byte-length": "typed-array-byte-length@1.0.0",
          "typed-array-byte-offset": "typed-array-byte-offset@1.0.0",
          "typed-array-length": "typed-array-length@1.0.4",
          "unbox-primitive": "unbox-primitive@1.0.2",
          "which-typed-array": "which-typed-array@1.1.11"
        }
      },
      "es-aggregate-error@1.0.9": {
        "integrity": "sha512-fvnX40sb538wdU6r4s35cq4EY6Lr09Upj40BEVem4LEsuW8XgQep9yD5Q1U2KftokNp1rWODFJ2qwZSsAjFpbg==",
        "dependencies": {
          "define-properties": "define-properties@1.2.1",
          "es-abstract": "es-abstract@1.22.2",
          "function-bind": "function-bind@1.1.1",
          "functions-have-names": "functions-have-names@1.2.3",
          "get-intrinsic": "get-intrinsic@1.2.1",
          "globalthis": "globalthis@1.0.3",
          "has-property-descriptors": "has-property-descriptors@1.0.0"
        }
      },
      "es-set-tostringtag@2.0.1": {
        "integrity": "sha512-g3OMbtlwY3QewlqAiMLI47KywjWZoEytKr8pf6iTC8uJq5bIAH52Z9pnQ8pVL6whrCto53JZDuUIsifGeLorTg==",
        "dependencies": {
          "get-intrinsic": "get-intrinsic@1.2.1",
          "has": "has@1.0.3",
          "has-tostringtag": "has-tostringtag@1.0.0"
        }
      },
      "es-to-primitive@1.2.1": {
        "integrity": "sha512-QCOllgZJtaUo9miYBcLChTUaHNjJF3PYs1VidD7AwiEj1kYxKeQTctLAezAOH5ZKRH0g2IgPn6KwB4IT8iRpvA==",
        "dependencies": {
          "is-callable": "is-callable@1.2.7",
          "is-date-object": "is-date-object@1.0.5",
          "is-symbol": "is-symbol@1.0.4"
        }
      },
      "events@3.3.0": {
        "integrity": "sha512-mQw+2fkQbALzQ7V0MY0IqdnXNOeTtP4r0lN9z7AAawCXgqea7bDii20AYrIBrFd/Hx0M2Ocz6S111CaFkUcb0Q==",
        "dependencies": {}
      },
      "for-each@0.3.3": {
        "integrity": "sha512-jqYfLp7mo9vIyQf8ykW2v7A+2N4QjeCeI5+Dz9XraiO1ign81wjiH7Fb9vSOWvQfNtmSa4H2RoQTrrXivdUZmw==",
        "dependencies": {
          "is-callable": "is-callable@1.2.7"
        }
      },
      "form-data@4.0.0": {
        "integrity": "sha512-ETEklSGi5t0QMZuiXoA/Q6vcnxcLQP5vdugSpuAyi6SVGi2clPPp+xgEhuMaHC+zGgn31Kd235W35f7Hykkaww==",
        "dependencies": {
          "asynckit": "asynckit@0.4.0",
          "combined-stream": "combined-stream@1.0.8",
          "mime-types": "mime-types@2.1.35"
        }
      },
      "function-bind@1.1.1": {
        "integrity": "sha512-yIovAzMX49sF8Yl58fSCWJ5svSLuaibPxXQJFLmBObTuCr0Mf1KiPopGM9NiFjiYBCbfaa2Fh6breQ6ANVTI0A==",
        "dependencies": {}
      },
      "function.prototype.name@1.1.6": {
        "integrity": "sha512-Z5kx79swU5P27WEayXM1tBi5Ze/lbIyiNgU3qyXUOf9b2rgXYyF9Dy9Cx+IQv/Lc8WCG6L82zwUPpSS9hGehIg==",
        "dependencies": {
          "call-bind": "call-bind@1.0.2",
          "define-properties": "define-properties@1.2.1",
          "es-abstract": "es-abstract@1.22.2",
          "functions-have-names": "functions-have-names@1.2.3"
        }
      },
      "functions-have-names@1.2.3": {
        "integrity": "sha512-xckBUXyTIqT97tq2x2AMb+g163b5JFysYk0x4qxNFwbfQkmNZoiRHb6sPzI9/QV33WeuvVYBUIiD4NzNIyqaRQ==",
        "dependencies": {}
      },
      "get-intrinsic@1.2.1": {
        "integrity": "sha512-2DcsyfABl+gVHEfCOaTrWgyt+tb6MSEGmKq+kI5HwLbIYgjgmMcV8KQ41uaKz1xxUcn9tJtgFbQUEVcEbd0FYw==",
        "dependencies": {
          "function-bind": "function-bind@1.1.1",
          "has": "has@1.0.3",
          "has-proto": "has-proto@1.0.1",
          "has-symbols": "has-symbols@1.0.3"
        }
      },
      "get-symbol-description@1.0.0": {
        "integrity": "sha512-2EmdH1YvIQiZpltCNgkuiUnyukzxM/R6NDJX31Ke3BG1Nq5b0S2PhX59UKi9vZpPDQVdqn+1IcaAwnzTT5vCjw==",
        "dependencies": {
          "call-bind": "call-bind@1.0.2",
          "get-intrinsic": "get-intrinsic@1.2.1"
        }
      },
      "globalthis@1.0.3": {
        "integrity": "sha512-sFdI5LyBiNTHjRd7cGPWapiHWMOXKyuBNX/cWJ3NfzrZQVa8GI/8cofCl74AOVqq9W5kNmguTIzJ/1s2gyI9wA==",
        "dependencies": {
          "define-properties": "define-properties@1.2.1"
        }
      },
      "gopd@1.0.1": {
        "integrity": "sha512-d65bNlIadxvpb/A2abVdlqKqV563juRnZ1Wtk6s1sIR8uNsXR70xqIzVqxVf1eTqDunwT2MkczEeaezCKTZhwA==",
        "dependencies": {
          "get-intrinsic": "get-intrinsic@1.2.1"
        }
      },
      "has-bigints@1.0.2": {
        "integrity": "sha512-tSvCKtBr9lkF0Ex0aQiP9N+OpV4zi2r/Nee5VkRDbaqv35RLYMzbwQfFSZZH0kR+Rd6302UJZ2p/bJCEoR3VoQ==",
        "dependencies": {}
      },
      "has-property-descriptors@1.0.0": {
        "integrity": "sha512-62DVLZGoiEBDHQyqG4w9xCuZ7eJEwNmJRWw2VY84Oedb7WFcA27fiEVe8oUQx9hAUJ4ekurquucTGwsyO1XGdQ==",
        "dependencies": {
          "get-intrinsic": "get-intrinsic@1.2.1"
        }
      },
      "has-proto@1.0.1": {
        "integrity": "sha512-7qE+iP+O+bgF9clE5+UoBFzE65mlBiVj3tKCrlNQ0Ogwm0BjpT/gK4SlLYDMybDh5I3TCTKnPPa0oMG7JDYrhg==",
        "dependencies": {}
      },
      "has-symbols@1.0.3": {
        "integrity": "sha512-l3LCuF6MgDNwTDKkdYGEihYjt5pRPbEg46rtlmnSPlUbgmB8LOIrKJbYYFBSbnPaJexMKtiPO8hmeRjRz2Td+A==",
        "dependencies": {}
      },
      "has-tostringtag@1.0.0": {
        "integrity": "sha512-kFjcSNhnlGV1kyoGk7OXKSawH5JOb/LzUc5w9B02hOTO0dfFRjbHQKvg1d6cf3HbeUmtU9VbbV3qzZ2Teh97WQ==",
        "dependencies": {
          "has-symbols": "has-symbols@1.0.3"
        }
      },
      "has@1.0.3": {
        "integrity": "sha512-f2dvO0VU6Oej7RkWJGrehjbzMAjFp5/VKPp5tTpWIV4JHHZK1/BxbFRtf/siA2SWTe09caDmVtYYzWEIbBS4zw==",
        "dependencies": {
          "function-bind": "function-bind@1.1.1"
        }
      },
      "http-proxy-agent@5.0.0": {
        "integrity": "sha512-n2hY8YdoRE1i7r6M0w9DIw5GgZN0G25P8zLCRQ8rjXtTU3vsNFBI/vWK/UIeE6g5MUUz6avwAPXmL6Fy9D/90w==",
        "dependencies": {
          "@tootallnate/once": "@tootallnate/once@2.0.0",
          "agent-base": "agent-base@6.0.2",
          "debug": "debug@4.3.4"
        }
      },
      "https-proxy-agent@5.0.1": {
        "integrity": "sha512-dFcAjpTQFgoLMzC2VwU+C/CbS7uRL0lWmxDITmqm7C+7F0Odmj6s9l6alZc6AELXhrnggM2CeWSXHGOdX2YtwA==",
        "dependencies": {
          "agent-base": "agent-base@6.0.2",
          "debug": "debug@4.3.4"
        }
      },
      "iconv-lite@0.6.3": {
        "integrity": "sha512-4fCk79wshMdzMp2rH06qWrJE4iolqLhCUH+OiuIgU++RB0+94NlDL81atO7GX55uUKueo0txHNtvEyI6D7WdMw==",
        "dependencies": {
          "safer-buffer": "safer-buffer@2.1.2"
        }
      },
      "ieee754@1.2.1": {
        "integrity": "sha512-dcyqhDvX1C46lXZcVqCpK+FtMRQVdIMN6/Df5js2zouUsqG7I6sFxitIC+7KYK29KdXOLHdu9zL4sFnoVQnqaA==",
        "dependencies": {}
      },
      "inherits@2.0.4": {
        "integrity": "sha512-k/vGaX4/Yla3WzyMCvTQOXYeIHvqOKtnqBduzTHpzpQZzAskKMhZ2K+EnBiSM9zGSoIFeMpXKxa4dYeZIQqewQ==",
        "dependencies": {}
      },
      "internal-slot@1.0.5": {
        "integrity": "sha512-Y+R5hJrzs52QCG2laLn4udYVnxsfny9CpOhNhUvk/SSSVyF6T27FzRbF0sroPidSu3X8oEAkOn2K804mjpt6UQ==",
        "dependencies": {
          "get-intrinsic": "get-intrinsic@1.2.1",
          "has": "has@1.0.3",
          "side-channel": "side-channel@1.0.4"
        }
      },
      "is-array-buffer@3.0.2": {
        "integrity": "sha512-y+FyyR/w8vfIRq4eQcM1EYgSTnmHXPqaF+IgzgraytCFq5Xh8lllDVmAZolPJiZttZLeFSINPYMaEJ7/vWUa1w==",
        "dependencies": {
          "call-bind": "call-bind@1.0.2",
          "get-intrinsic": "get-intrinsic@1.2.1",
          "is-typed-array": "is-typed-array@1.1.12"
        }
      },
      "is-bigint@1.0.4": {
        "integrity": "sha512-zB9CruMamjym81i2JZ3UMn54PKGsQzsJeo6xvN3HJJ4CAsQNB6iRutp2To77OfCNuoxspsIhzaPoO1zyCEhFOg==",
        "dependencies": {
          "has-bigints": "has-bigints@1.0.2"
        }
      },
      "is-boolean-object@1.1.2": {
        "integrity": "sha512-gDYaKHJmnj4aWxyj6YHyXVpdQawtVLHU5cb+eztPGczf6cjuTdwve5ZIEfgXqH4e57An1D1AKf8CZ3kYrQRqYA==",
        "dependencies": {
          "call-bind": "call-bind@1.0.2",
          "has-tostringtag": "has-tostringtag@1.0.0"
        }
      },
      "is-callable@1.2.7": {
        "integrity": "sha512-1BC0BVFhS/p0qtw6enp8e+8OD0UrK0oFLztSjNzhcKA3WDuJxxAPXzPuPtKkjEY9UUoEWlX/8fgKeu2S8i9JTA==",
        "dependencies": {}
      },
      "is-date-object@1.0.5": {
        "integrity": "sha512-9YQaSxsAiSwcvS33MBk3wTCVnWK+HhF8VZR2jRxehM16QcVOdHqPn4VPHmRK4lSr38n9JriurInLcP90xsYNfQ==",
        "dependencies": {
          "has-tostringtag": "has-tostringtag@1.0.0"
        }
      },
      "is-docker@2.2.1": {
        "integrity": "sha512-F+i2BKsFrH66iaUFc0woD8sLy8getkwTwtOBjvs56Cx4CgJDeKQeqfz8wAYiSb8JOprWhHH5p77PbmYCvvUuXQ==",
        "dependencies": {}
      },
      "is-negative-zero@2.0.2": {
        "integrity": "sha512-dqJvarLawXsFbNDeJW7zAz8ItJ9cd28YufuuFzh0G8pNHjJMnY08Dv7sYX2uF5UpQOwieAeOExEYAWWfu7ZZUA==",
        "dependencies": {}
      },
      "is-number-object@1.0.7": {
        "integrity": "sha512-k1U0IRzLMo7ZlYIfzRu23Oh6MiIFasgpb9X76eqfFZAqwH44UI4KTBvBYIZ1dSL9ZzChTB9ShHfLkR4pdW5krQ==",
        "dependencies": {
          "has-tostringtag": "has-tostringtag@1.0.0"
        }
      },
      "is-regex@1.1.4": {
        "integrity": "sha512-kvRdxDsxZjhzUX07ZnLydzS1TU/TJlTUHHY4YLL87e37oUA49DfkLqgy+VjFocowy29cKvcSiu+kIv728jTTVg==",
        "dependencies": {
          "call-bind": "call-bind@1.0.2",
          "has-tostringtag": "has-tostringtag@1.0.0"
        }
      },
      "is-shared-array-buffer@1.0.2": {
        "integrity": "sha512-sqN2UDu1/0y6uvXyStCOzyhAjCSlHceFoMKJW8W9EU9cvic/QdsZ0kEU93HEy3IUEFZIiH/3w+AH/UQbPHNdhA==",
        "dependencies": {
          "call-bind": "call-bind@1.0.2"
        }
      },
      "is-string@1.0.7": {
        "integrity": "sha512-tE2UXzivje6ofPW7l23cjDOMa09gb7xlAqG6jG5ej6uPV32TlWP3NKPigtaGeHNu9fohccRYvIiZMfOOnOYUtg==",
        "dependencies": {
          "has-tostringtag": "has-tostringtag@1.0.0"
        }
      },
      "is-symbol@1.0.4": {
        "integrity": "sha512-C/CPBqKWnvdcxqIARxyOh4v1UUEOCHpgDa0WYgpKDFMszcrPcffg5uhwSgPCLD2WWxmq6isisz87tzT01tuGhg==",
        "dependencies": {
          "has-symbols": "has-symbols@1.0.3"
        }
      },
      "is-typed-array@1.1.12": {
        "integrity": "sha512-Z14TF2JNG8Lss5/HMqt0//T9JeHXttXy5pH/DBU4vi98ozO2btxzq9MwYDZYnKwU8nRsz/+GVFVRDq3DkVuSPg==",
        "dependencies": {
          "which-typed-array": "which-typed-array@1.1.11"
        }
      },
      "is-weakref@1.0.2": {
        "integrity": "sha512-qctsuLZmIQ0+vSSMfoVvyFe2+GSEvnmZ2ezTup1SBse9+twCCeial6EEi3Nc2KFcf6+qz2FBPnjXsk8xhKSaPQ==",
        "dependencies": {
          "call-bind": "call-bind@1.0.2"
        }
      },
      "is-wsl@2.2.0": {
        "integrity": "sha512-fKzAra0rGJUUBwGBgNkHZuToZcn+TtXHpeCgmkMJMMYx1sQDYaCSyjJBSCa2nH1DGm7s3n1oBnohoVTBaN7Lww==",
        "dependencies": {
          "is-docker": "is-docker@2.2.1"
        }
      },
      "isarray@2.0.5": {
        "integrity": "sha512-xHjhDr3cNBK0BzdUJSPXZntQUx/mwMS5Rw4A7lPJ90XGAO6ISP/ePDNuo0vhqOZU+UD5JoodwCAAoZQd3FeAKw==",
        "dependencies": {}
      },
      "js-md4@0.3.2": {
        "integrity": "sha512-/GDnfQYsltsjRswQhN9fhv3EMw2sCpUdrdxyWDOUK7eyD++r3gRhzgiQgc/x4MAv2i1iuQ4lxO5mvqM3vj4bwA==",
        "dependencies": {}
      },
      "jsbi@4.3.0": {
        "integrity": "sha512-SnZNcinB4RIcnEyZqFPdGPVgrg2AcnykiBy0sHVJQKHYeaLUvi3Exj+iaPpLnFVkDPZIV4U0yvgC9/R4uEAZ9g==",
        "dependencies": {}
      },
      "jsonwebtoken@9.0.2": {
        "integrity": "sha512-PRp66vJ865SSqOlgqS8hujT5U4AOgMfhrwYIuIhfKaoSCZcirrmASQr8CX7cUg+RMih+hgznrjp99o+W4pJLHQ==",
        "dependencies": {
          "jws": "jws@3.2.2",
          "lodash.includes": "lodash.includes@4.3.0",
          "lodash.isboolean": "lodash.isboolean@3.0.3",
          "lodash.isinteger": "lodash.isinteger@4.0.4",
          "lodash.isnumber": "lodash.isnumber@3.0.3",
          "lodash.isplainobject": "lodash.isplainobject@4.0.6",
          "lodash.isstring": "lodash.isstring@4.0.1",
          "lodash.once": "lodash.once@4.1.1",
          "ms": "ms@2.1.2",
          "semver": "semver@7.5.4"
        }
      },
      "jwa@1.4.1": {
        "integrity": "sha512-qiLX/xhEEFKUAJ6FiBMbes3w9ATzyk5W7Hvzpa/SLYdxNtng+gcurvrI7TbACjIXlsJyr05/S1oUhZrc63evQA==",
        "dependencies": {
          "buffer-equal-constant-time": "buffer-equal-constant-time@1.0.1",
          "ecdsa-sig-formatter": "ecdsa-sig-formatter@1.0.11",
          "safe-buffer": "safe-buffer@5.2.1"
        }
      },
      "jwa@2.0.0": {
        "integrity": "sha512-jrZ2Qx916EA+fq9cEAeCROWPTfCwi1IVHqT2tapuqLEVVDKFDENFw1oL+MwrTvH6msKxsd1YTDVw6uKEcsrLEA==",
        "dependencies": {
          "buffer-equal-constant-time": "buffer-equal-constant-time@1.0.1",
          "ecdsa-sig-formatter": "ecdsa-sig-formatter@1.0.11",
          "safe-buffer": "safe-buffer@5.2.1"
        }
      },
      "jws@3.2.2": {
        "integrity": "sha512-YHlZCB6lMTllWDtSPHz/ZXTsi8S00usEV6v1tjq8tOUZzw7DpSDWVXjXDre6ed1w/pd495ODpHZYSdkRTsa0HA==",
        "dependencies": {
          "jwa": "jwa@1.4.1",
          "safe-buffer": "safe-buffer@5.2.1"
        }
      },
      "jws@4.0.0": {
        "integrity": "sha512-KDncfTmOZoOMTFG4mBlG0qUIOlc03fmzH+ru6RgYVZhPkyiy/92Owlt/8UEN+a4TXR1FQetfIpJE8ApdvdVxTg==",
        "dependencies": {
          "jwa": "jwa@2.0.0",
          "safe-buffer": "safe-buffer@5.2.1"
        }
      },
      "lodash.includes@4.3.0": {
        "integrity": "sha512-W3Bx6mdkRTGtlJISOvVD/lbqjTlPPUDTMnlXZFnVwi9NKJ6tiAk6LVdlhZMm17VZisqhKcgzpO5Wz91PCt5b0w==",
        "dependencies": {}
      },
      "lodash.isboolean@3.0.3": {
        "integrity": "sha512-Bz5mupy2SVbPHURB98VAcw+aHh4vRV5IPNhILUCsOzRmsTmSQ17jIuqopAentWoehktxGd9e/hbIXq980/1QJg==",
        "dependencies": {}
      },
      "lodash.isinteger@4.0.4": {
        "integrity": "sha512-DBwtEWN2caHQ9/imiNeEA5ys1JoRtRfY3d7V9wkqtbycnAmTvRRmbHKDV4a0EYc678/dia0jrte4tjYwVBaZUA==",
        "dependencies": {}
      },
      "lodash.isnumber@3.0.3": {
        "integrity": "sha512-QYqzpfwO3/CWf3XP+Z+tkQsfaLL/EnUlXWVkIk5FUPc4sBdTehEqZONuyRt2P67PXAk+NXmTBcc97zw9t1FQrw==",
        "dependencies": {}
      },
      "lodash.isplainobject@4.0.6": {
        "integrity": "sha512-oSXzaWypCMHkPC3NvBEaPHf0KsA5mvPrOPgQWDsbg8n7orZ290M0BmC/jgRZ4vcJ6DTAhjrsSYgdsW/F+MFOBA==",
        "dependencies": {}
      },
      "lodash.isstring@4.0.1": {
        "integrity": "sha512-0wJxfxH1wgO3GrbuP+dTTk7op+6L41QCXbGINEmD+ny/G/eCqGzxyCsh7159S+mgDDcoarnBw6PC1PS5+wUGgw==",
        "dependencies": {}
      },
      "lodash.once@4.1.1": {
        "integrity": "sha512-Sb487aTOCr9drQVL8pIxOzVhafOjZN9UU54hiN8PU3uAiSV7lx1yYNpbNmex2PK6dSJoNTSJUUswT651yww3Mg==",
        "dependencies": {}
      },
      "lru-cache@6.0.0": {
        "integrity": "sha512-Jo6dJ04CmSjuznwJSS3pUeWmd/H0ffTlkXXgwZi+eq1UCmqQwCh+eLsYOYCwY991i2Fah4h1BEMCx4qThGbsiA==",
        "dependencies": {
          "yallist": "yallist@4.0.0"
        }
      },
      "mime-db@1.52.0": {
        "integrity": "sha512-sPU4uV7dYlvtWJxwwxHD0PuihVNiE7TyAbQ5SWxDCB9mUYvOgroQOwYQQOKPJ8CIbE+1ETVlOoK1UC2nU3gYvg==",
        "dependencies": {}
      },
      "mime-types@2.1.35": {
        "integrity": "sha512-ZDY+bPm5zTTF+YpCrAU9nK0UgICYPT0QtT1NZWFv4s++TNkcgVaT0g6+4R2uI4MjQjzysHB1zxuWL50hzaeXiw==",
        "dependencies": {
          "mime-db": "mime-db@1.52.0"
        }
      },
      "ms@2.1.2": {
        "integrity": "sha512-sGkPx+VjMtmA6MX27oA4FBFELFCZZ4S4XqeGOXCv68tT+jb3vk/RyaKWP0PTKyWtmLSM0b+adUTEvbs1PEaH2w==",
        "dependencies": {}
      },
      "mssql@9.1.3": {
        "integrity": "sha512-oXs2lJ1vKUe2s0twCdcdKnqATTVaIswzpSiGnUjMIhV6Sip9vEDuYt3dCoVWXXNuPJ5iFIqLxvagw4Hrz6xR4A==",
        "dependencies": {
          "@tediousjs/connection-string": "@tediousjs/connection-string@0.4.4",
          "commander": "commander@11.0.0",
          "debug": "debug@4.3.4",
          "rfdc": "rfdc@1.3.0",
          "tarn": "tarn@3.0.2",
          "tedious": "tedious@15.1.3"
        }
      },
      "native-duplexpair@1.0.0": {
        "integrity": "sha512-E7QQoM+3jvNtlmyfqRZ0/U75VFgCls+fSkbml2MpgWkWyz3ox8Y58gNhfuziuQYGNNQAbFZJQck55LHCnCK6CA==",
        "dependencies": {}
      },
      "node-abort-controller@3.1.1": {
        "integrity": "sha512-AGK2yQKIjRuqnc6VkX2Xj5d+QW8xZ87pa1UK6yA6ouUyuxfHuMP6umE5QK7UmTeOAymo+Zx1Fxiuw9rVx8taHQ==",
        "dependencies": {}
      },
      "object-inspect@1.12.3": {
        "integrity": "sha512-geUvdk7c+eizMNUDkRpW1wJwgfOiOeHbxBR/hLXK1aT6zmVSO0jsQcs7fj6MGw89jC/cjGfLcNOrtMYtGqm81g==",
        "dependencies": {}
      },
      "object-keys@1.1.1": {
        "integrity": "sha512-NuAESUOUMrlIXOfHKzD6bpPu3tYt3xvjNdRIQ+FeT0lNb4K8WR70CaDxhuNguS2XG+GjkyMwOzsN5ZktImfhLA==",
        "dependencies": {}
      },
      "object.assign@4.1.4": {
        "integrity": "sha512-1mxKf0e58bvyjSCtKYY4sRe9itRk3PJpquJOjeIkz885CczcI4IvJJDLPS72oowuSh+pBxUFROpX+TU++hxhZQ==",
        "dependencies": {
          "call-bind": "call-bind@1.0.2",
          "define-properties": "define-properties@1.2.1",
          "has-symbols": "has-symbols@1.0.3",
          "object-keys": "object-keys@1.1.1"
        }
      },
      "open@8.4.2": {
        "integrity": "sha512-7x81NCL719oNbsq/3mh+hVrAWmFuEYUqrq/Iw3kUzH8ReypT9QQ0BLoJS7/G9k6N81XjW4qHWtjWwe/9eLy1EQ==",
        "dependencies": {
          "define-lazy-prop": "define-lazy-prop@2.0.0",
          "is-docker": "is-docker@2.2.1",
          "is-wsl": "is-wsl@2.2.0"
        }
      },
      "punycode@2.3.0": {
        "integrity": "sha512-rRV+zQD8tVFys26lAGR9WUuS4iUAngJScM+ZRSKtvl5tKeZ2t5bvdNFdNHBW9FWR4guGHlgmsZ1G7BSm2wTbuA==",
        "dependencies": {}
      },
      "readable-stream@3.6.2": {
        "integrity": "sha512-9u/sniCrY3D5WdsERHzHE4G2YCXqoG5FTHUiCC4SIbr6XcLZBY05ya9EKjYek9O5xOAwjGq+1JdGBAS7Q9ScoA==",
        "dependencies": {
          "inherits": "inherits@2.0.4",
          "string_decoder": "string_decoder@1.3.0",
          "util-deprecate": "util-deprecate@1.0.2"
        }
      },
      "regexp.prototype.flags@1.5.1": {
        "integrity": "sha512-sy6TXMN+hnP/wMy+ISxg3krXx7BAtWVO4UouuCN/ziM9UEne0euamVNafDfvC83bRNr95y0V5iijeDQFUNpvrg==",
        "dependencies": {
          "call-bind": "call-bind@1.0.2",
          "define-properties": "define-properties@1.2.1",
          "set-function-name": "set-function-name@2.0.1"
        }
      },
      "rfdc@1.3.0": {
        "integrity": "sha512-V2hovdzFbOi77/WajaSMXk2OLm+xNIeQdMMuB7icj7bk6zi2F8GGAxigcnDFpJHbNyNcgyJDiP+8nOrY5cZGrA==",
        "dependencies": {}
      },
      "safe-array-concat@1.0.1": {
        "integrity": "sha512-6XbUAseYE2KtOuGueyeobCySj9L4+66Tn6KQMOPQJrAJEowYKW/YR/MGJZl7FdydUdaFu4LYyDZjxf4/Nmo23Q==",
        "dependencies": {
          "call-bind": "call-bind@1.0.2",
          "get-intrinsic": "get-intrinsic@1.2.1",
          "has-symbols": "has-symbols@1.0.3",
          "isarray": "isarray@2.0.5"
        }
      },
      "safe-buffer@5.2.1": {
        "integrity": "sha512-rp3So07KcdmmKbGvgaNxQSJr7bGVSVk5S9Eq1F+ppbRo70+YeaDxkw5Dd8NPN+GD6bjnYm2VuPuCXmpuYvmCXQ==",
        "dependencies": {}
      },
      "safe-regex-test@1.0.0": {
        "integrity": "sha512-JBUUzyOgEwXQY1NuPtvcj/qcBDbDmEvWufhlnXZIm75DEHp+afM1r1ujJpJsV/gSM4t59tpDyPi1sd6ZaPFfsA==",
        "dependencies": {
          "call-bind": "call-bind@1.0.2",
          "get-intrinsic": "get-intrinsic@1.2.1",
          "is-regex": "is-regex@1.1.4"
        }
      },
      "safer-buffer@2.1.2": {
        "integrity": "sha512-YZo3K82SD7Riyi0E1EQPojLz7kpepnSQI9IyPbHHg1XXXevb5dJI7tpyN2ADxGcQbHG7vcyRHk0cbwqcQriUtg==",
        "dependencies": {}
      },
      "semver@7.5.4": {
        "integrity": "sha512-1bCSESV6Pv+i21Hvpxp3Dx+pSD8lIPt8uVjRrxAUt/nbswYc+tK6Y2btiULjd4+fnq15PX+nqQDC7Oft7WkwcA==",
        "dependencies": {
          "lru-cache": "lru-cache@6.0.0"
        }
      },
      "set-function-name@2.0.1": {
        "integrity": "sha512-tMNCiqYVkXIZgc2Hnoy2IvC/f8ezc5koaRFkCjrpWzGpCd3qbZXPzVy9MAZzK1ch/X0jvSkojys3oqJN0qCmdA==",
        "dependencies": {
          "define-data-property": "define-data-property@1.1.0",
          "functions-have-names": "functions-have-names@1.2.3",
          "has-property-descriptors": "has-property-descriptors@1.0.0"
        }
      },
      "side-channel@1.0.4": {
        "integrity": "sha512-q5XPytqFEIKHkGdiMIrY10mvLRvnQh42/+GoBlFW3b2LXLE2xxJpZFdm94we0BaoV3RwJyGqg5wS7epxTv0Zvw==",
        "dependencies": {
          "call-bind": "call-bind@1.0.2",
          "get-intrinsic": "get-intrinsic@1.2.1",
          "object-inspect": "object-inspect@1.12.3"
        }
      },
      "sprintf-js@1.1.2": {
        "integrity": "sha512-VE0SOVEHCk7Qc8ulkWw3ntAzXuqf7S2lvwQaDLRnUeIEaKNQJzV6BwmLKhOqT61aGhfUMrXeaBk+oDGCzvhcug==",
        "dependencies": {}
      },
      "stoppable@1.1.0": {
        "integrity": "sha512-KXDYZ9dszj6bzvnEMRYvxgeTHU74QBFL54XKtP3nyMuJ81CFYtABZ3bAzL2EdFUaEwJOBOgENyFj3R7oTzDyyw==",
        "dependencies": {}
      },
      "string.prototype.trim@1.2.8": {
        "integrity": "sha512-lfjY4HcixfQXOfaqCvcBuOIapyaroTXhbkfJN3gcB1OtyupngWK4sEET9Knd0cXd28kTUqu/kHoV4HKSJdnjiQ==",
        "dependencies": {
          "call-bind": "call-bind@1.0.2",
          "define-properties": "define-properties@1.2.1",
          "es-abstract": "es-abstract@1.22.2"
        }
      },
      "string.prototype.trimend@1.0.7": {
        "integrity": "sha512-Ni79DqeB72ZFq1uH/L6zJ+DKZTkOtPIHovb3YZHQViE+HDouuU4mBrLOLDn5Dde3RF8qw5qVETEjhu9locMLvA==",
        "dependencies": {
          "call-bind": "call-bind@1.0.2",
          "define-properties": "define-properties@1.2.1",
          "es-abstract": "es-abstract@1.22.2"
        }
      },
      "string.prototype.trimstart@1.0.7": {
        "integrity": "sha512-NGhtDFu3jCEm7B4Fy0DpLewdJQOZcQ0rGbwQ/+stjnrp2i+rlKeCvos9hOIeCmqwratM47OBxY7uFZzjxHXmrg==",
        "dependencies": {
          "call-bind": "call-bind@1.0.2",
          "define-properties": "define-properties@1.2.1",
          "es-abstract": "es-abstract@1.22.2"
        }
      },
      "string_decoder@1.3.0": {
        "integrity": "sha512-hkRX8U1WjJFd8LsDJ2yQ/wWWxaopEsABU1XfkM8A+j0+85JAGppt16cr1Whg6KIbb4okU6Mql6BOj+uup/wKeA==",
        "dependencies": {
          "safe-buffer": "safe-buffer@5.2.1"
        }
      },
      "tarn@3.0.2": {
        "integrity": "sha512-51LAVKUSZSVfI05vjPESNc5vwqqZpbXCsU+/+wxlOrUjk2SnFTt97v9ZgQrD4YmxYW1Px6w2KjaDitCfkvgxMQ==",
        "dependencies": {}
      },
      "tedious@15.1.3": {
        "integrity": "sha512-166EpRm5qknwhEisjZqz/mF7k14fXKJYHRg6XiAXVovd/YkyHJ3SG4Ppy89caPaNFfRr7PVYe+s4dAvKaCMFvw==",
        "dependencies": {
          "@azure/identity": "@azure/identity@2.1.0",
          "@azure/keyvault-keys": "@azure/keyvault-keys@4.7.2",
          "@js-joda/core": "@js-joda/core@5.5.3",
          "bl": "bl@5.1.0",
          "es-aggregate-error": "es-aggregate-error@1.0.9",
          "iconv-lite": "iconv-lite@0.6.3",
          "js-md4": "js-md4@0.3.2",
          "jsbi": "jsbi@4.3.0",
          "native-duplexpair": "native-duplexpair@1.0.0",
          "node-abort-controller": "node-abort-controller@3.1.1",
          "punycode": "punycode@2.3.0",
          "sprintf-js": "sprintf-js@1.1.2"
        }
      },
      "tslib@2.6.2": {
        "integrity": "sha512-AEYxH93jGFPn/a2iVAwW87VuUIkR1FVUKB77NwMF7nBTDkDrrT/Hpt/IrCJ0QXhW27jTBDcf5ZY7w6RiqTMw2Q==",
        "dependencies": {}
      },
      "typed-array-buffer@1.0.0": {
        "integrity": "sha512-Y8KTSIglk9OZEr8zywiIHG/kmQ7KWyjseXs1CbSo8vC42w7hg2HgYTxSWwP0+is7bWDc1H+Fo026CpHFwm8tkw==",
        "dependencies": {
          "call-bind": "call-bind@1.0.2",
          "get-intrinsic": "get-intrinsic@1.2.1",
          "is-typed-array": "is-typed-array@1.1.12"
        }
      },
      "typed-array-byte-length@1.0.0": {
        "integrity": "sha512-Or/+kvLxNpeQ9DtSydonMxCx+9ZXOswtwJn17SNLvhptaXYDJvkFFP5zbfU/uLmvnBJlI4yrnXRxpdWH/M5tNA==",
        "dependencies": {
          "call-bind": "call-bind@1.0.2",
          "for-each": "for-each@0.3.3",
          "has-proto": "has-proto@1.0.1",
          "is-typed-array": "is-typed-array@1.1.12"
        }
      },
      "typed-array-byte-offset@1.0.0": {
        "integrity": "sha512-RD97prjEt9EL8YgAgpOkf3O4IF9lhJFr9g0htQkm0rchFp/Vx7LW5Q8fSXXub7BXAODyUQohRMyOc3faCPd0hg==",
        "dependencies": {
          "available-typed-arrays": "available-typed-arrays@1.0.5",
          "call-bind": "call-bind@1.0.2",
          "for-each": "for-each@0.3.3",
          "has-proto": "has-proto@1.0.1",
          "is-typed-array": "is-typed-array@1.1.12"
        }
      },
      "typed-array-length@1.0.4": {
        "integrity": "sha512-KjZypGq+I/H7HI5HlOoGHkWUUGq+Q0TPhQurLbyrVrvnKTBgzLhIJ7j6J/XTQOi0d1RjyZ0wdas8bKs2p0x3Ng==",
        "dependencies": {
          "call-bind": "call-bind@1.0.2",
          "for-each": "for-each@0.3.3",
          "is-typed-array": "is-typed-array@1.1.12"
        }
      },
      "unbox-primitive@1.0.2": {
        "integrity": "sha512-61pPlCD9h51VoreyJ0BReideM3MDKMKnh6+V9L08331ipq6Q8OFXZYiqP6n/tbHx4s5I9uRhcye6BrbkizkBDw==",
        "dependencies": {
          "call-bind": "call-bind@1.0.2",
          "has-bigints": "has-bigints@1.0.2",
          "has-symbols": "has-symbols@1.0.3",
          "which-boxed-primitive": "which-boxed-primitive@1.0.2"
        }
      },
      "util-deprecate@1.0.2": {
        "integrity": "sha512-EPD5q1uXyFxJpCrLnCc1nHnq3gOa6DZBocAIiI2TaSCA7VCJ1UJDMagCzIkXNsUYfD1daK//LTEQ8xiIbrHtcw==",
        "dependencies": {}
      },
      "uuid@8.3.2": {
        "integrity": "sha512-+NYs2QeMWy+GWFOEm9xnn6HCDp0l7QBD7ml8zLUmJ+93Q5NF0NocErnwkTkXVFNiX3/fpC6afS8Dhb/gz7R7eg==",
        "dependencies": {}
      },
      "which-boxed-primitive@1.0.2": {
        "integrity": "sha512-bwZdv0AKLpplFY2KZRX6TvyuN7ojjr7lwkg6ml0roIy9YeuSr7JS372qlNW18UQYzgYK9ziGcerWqZOmEn9VNg==",
        "dependencies": {
          "is-bigint": "is-bigint@1.0.4",
          "is-boolean-object": "is-boolean-object@1.1.2",
          "is-number-object": "is-number-object@1.0.7",
          "is-string": "is-string@1.0.7",
          "is-symbol": "is-symbol@1.0.4"
        }
      },
      "which-typed-array@1.1.11": {
        "integrity": "sha512-qe9UWWpkeG5yzZ0tNYxDmd7vo58HDBc39mZ0xWWpolAGADdFOzkfamWLDxkOWcvHQKVmdTyQdLD4NOfjLWTKew==",
        "dependencies": {
          "available-typed-arrays": "available-typed-arrays@1.0.5",
          "call-bind": "call-bind@1.0.2",
          "for-each": "for-each@0.3.3",
          "gopd": "gopd@1.0.1",
          "has-tostringtag": "has-tostringtag@1.0.0"
        }
      },
      "yallist@4.0.0": {
        "integrity": "sha512-3wdGidZyq5PB084XLES5TpOSRA3wjXAlIWMhum2kRcv/41Sn2emQ0dycQW4uZXLejwKvg6EsvbdlVL+FYEct7A==",
        "dependencies": {}
      }
    }
  }
}
